
Microsoft Visual Studio Solution File, Format Version 11.00
# Visual Studio 10
Project("{E24C65DC-7377-472B-9ABA-BC803B73C61A}") = "DirectoryAuthentication", "http://localhost/DirectoryAuthentication", "{3467A133-BBB2-4544-B45C-BBF9198992B6}"
	ProjectSection(WebsiteProperties) = preProject
		TargetFrameworkMoniker = ".NETFramework,Version=v4.0"
		Debug.AspNetCompiler.VirtualPath = "/DirectoryAuthentication"
		Debug.AspNetCompiler.PhysicalPath = "..\DirectoryAuthentication\"
		Debug.AspNetCompiler.TargetPath = "..\DirectoryAuthentication\"
		Debug.AspNetCompiler.Updateable = "true"
		Debug.AspNetCompiler.ForceOverwrite = "true"
		Debug.AspNetCompiler.FixedNames = "false"
		Debug.AspNetCompiler.Debug = "True"
		Release.AspNetCompiler.VirtualPath = "/DirectoryAuthentication"
		Release.AspNetCompiler.PhysicalPath = "..\DirectoryAuthentication\"
		Release.AspNetCompiler.TargetPath = "..\DirectoryAuthentication\"
		Release.AspNetCompiler.Updateable = "true"
		Release.AspNetCompiler.ForceOverwrite = "true"
		Release.AspNetCompiler.FixedNames = "false"
		Release.AspNetCompiler.Debug = "False"
		SlnRelativePath = "..\..\..\..\..\..\CP\DirectoryAuthentication\"
		DefaultWebSiteLanguage = "Visual C#"
	EndProjectSection
EndProject
Global
	GlobalSection(SolutionConfigurationPlatforms) = preSolution
		Debug|Any CPU = Debug|Any CPU
	EndGlobalSection
	GlobalSection(ProjectConfigurationPlatforms) = postSolution
		{3467A133-BBB2-4544-B45C-BBF9198992B6}.Debug|Any CPU.ActiveCfg = Debug|Any CPU
		{3467A133-BBB2-4544-B45C-BBF9198992B6}.Debug|Any CPU.Build.0 = Debug|Any CPU
	EndGlobalSection
	GlobalSection(SolutionProperties) = preSolution
		HideSolutionNode = FALSE
	EndGlobalSection
EndGlobal
